// !$*UTF8*$!
{
	archiveVersion = 1;
	classes = {
	};
	objectVersion = 56;
	objects = {

/* Begin PBXBuildFile section */
		A0148CEC29B889E0001DB433 /* UploadFileBtnView.swift in Sources */ = {isa = PBXBuildFile; fileRef = A0148CEB29B889E0001DB433 /* UploadFileBtnView.swift */; };
		A0148CEE29B88A55001DB433 /* CreateFolderView.swift in Sources */ = {isa = PBXBuildFile; fileRef = A0148CED29B88A55001DB433 /* CreateFolderView.swift */; };
		A057420E29B79A960067CAB6 /* FileView.swift in Sources */ = {isa = PBXBuildFile; fileRef = A057420D29B79A960067CAB6 /* FileView.swift */; };
		A05914B829B7657300ED09DD /* ErrorState.swift in Sources */ = {isa = PBXBuildFile; fileRef = A05914B729B7657300ED09DD /* ErrorState.swift */; };
		A05914BA29B7659800ED09DD /* ErrorWrapper.swift in Sources */ = {isa = PBXBuildFile; fileRef = A05914B929B7659800ED09DD /* ErrorWrapper.swift */; };
		A05914BF29B76C5100ED09DD /* LoginView.swift in Sources */ = {isa = PBXBuildFile; fileRef = A05914BE29B76C5100ED09DD /* LoginView.swift */; };
		A05914C129B76C6E00ED09DD /* FolderView.swift in Sources */ = {isa = PBXBuildFile; fileRef = A05914C029B76C6E00ED09DD /* FolderView.swift */; };
		A05914C429B77FCD00ED09DD /* NavigationViewModel.swift in Sources */ = {isa = PBXBuildFile; fileRef = A05914C329B77FCD00ED09DD /* NavigationViewModel.swift */; };
		A05914C729B78FD000ED09DD /* ErrorView.swift in Sources */ = {isa = PBXBuildFile; fileRef = A05914C529B78F3100ED09DD /* ErrorView.swift */; };
		A06BF9F729B747710035584A /* Beton_TestApp.swift in Sources */ = {isa = PBXBuildFile; fileRef = A06BF9F629B747710035584A /* Beton_TestApp.swift */; };
		A06BF9F929B747710035584A /* ContentView.swift in Sources */ = {isa = PBXBuildFile; fileRef = A06BF9F829B747710035584A /* ContentView.swift */; };
		A06BF9FB29B747720035584A /* Assets.xcassets in Resources */ = {isa = PBXBuildFile; fileRef = A06BF9FA29B747720035584A /* Assets.xcassets */; };
		A06BF9FE29B747720035584A /* Preview Assets.xcassets in Resources */ = {isa = PBXBuildFile; fileRef = A06BF9FD29B747720035584A /* Preview Assets.xcassets */; };
		A06BFA0829B747720035584A /* Bereal_TestTests.swift in Sources */ = {isa = PBXBuildFile; fileRef = A06BFA0729B747720035584A /* Bereal_TestTests.swift */; };
		A06BFA2429B748170035584A /* RequestMethod.swift in Sources */ = {isa = PBXBuildFile; fileRef = A06BFA2329B748170035584A /* RequestMethod.swift */; };
		A06BFA2629B748360035584A /* RequestError.swift in Sources */ = {isa = PBXBuildFile; fileRef = A06BFA2529B748360035584A /* RequestError.swift */; };
		A06BFA2829B748890035584A /* Endpoint.swift in Sources */ = {isa = PBXBuildFile; fileRef = A06BFA2729B748890035584A /* Endpoint.swift */; };
		A06BFA2A29B748B20035584A /* HTTPClient.swift in Sources */ = {isa = PBXBuildFile; fileRef = A06BFA2929B748B20035584A /* HTTPClient.swift */; };
		A06BFA2C29B749380035584A /* BerealEndpoint.swift in Sources */ = {isa = PBXBuildFile; fileRef = A06BFA2B29B749380035584A /* BerealEndpoint.swift */; };
		A06BFA2F29B74C5D0035584A /* BerealService.swift in Sources */ = {isa = PBXBuildFile; fileRef = A06BFA2E29B74C5D0035584A /* BerealService.swift */; };
		A06BFA3229B74CD90035584A /* User.swift in Sources */ = {isa = PBXBuildFile; fileRef = A06BFA3129B74CD90035584A /* User.swift */; };
		A06BFA3429B74D3B0035584A /* Item.swift in Sources */ = {isa = PBXBuildFile; fileRef = A06BFA3329B74D3B0035584A /* Item.swift */; };
		A06BFA3629B74F590035584A /* BerealManager.swift in Sources */ = {isa = PBXBuildFile; fileRef = A06BFA3529B74F590035584A /* BerealManager.swift */; };
/* End PBXBuildFile section */

/* Begin PBXContainerItemProxy section */
		A06BFA0429B747720035584A /* PBXContainerItemProxy */ = {
			isa = PBXContainerItemProxy;
			containerPortal = A06BF9EB29B747710035584A /* Project object */;
			proxyType = 1;
			remoteGlobalIDString = A06BF9F229B747710035584A;
			remoteInfo = "Beton-Test";
		};
/* End PBXContainerItemProxy section */

/* Begin PBXFileReference section */
		A0148CEB29B889E0001DB433 /* UploadFileBtnView.swift */ = {isa = PBXFileReference; lastKnownFileType = sourcecode.swift; path = UploadFileBtnView.swift; sourceTree = "<group>"; };
		A0148CED29B88A55001DB433 /* CreateFolderView.swift */ = {isa = PBXFileReference; lastKnownFileType = sourcecode.swift; path = CreateFolderView.swift; sourceTree = "<group>"; };
		A057420D29B79A960067CAB6 /* FileView.swift */ = {isa = PBXFileReference; lastKnownFileType = sourcecode.swift; path = FileView.swift; sourceTree = "<group>"; };
		A05914B729B7657300ED09DD /* ErrorState.swift */ = {isa = PBXFileReference; lastKnownFileType = sourcecode.swift; path = ErrorState.swift; sourceTree = "<group>"; };
		A05914B929B7659800ED09DD /* ErrorWrapper.swift */ = {isa = PBXFileReference; lastKnownFileType = sourcecode.swift; path = ErrorWrapper.swift; sourceTree = "<group>"; };
		A05914BE29B76C5100ED09DD /* LoginView.swift */ = {isa = PBXFileReference; lastKnownFileType = sourcecode.swift; path = LoginView.swift; sourceTree = "<group>"; };
		A05914C029B76C6E00ED09DD /* FolderView.swift */ = {isa = PBXFileReference; lastKnownFileType = sourcecode.swift; path = FolderView.swift; sourceTree = "<group>"; };
		A05914C329B77FCD00ED09DD /* NavigationViewModel.swift */ = {isa = PBXFileReference; lastKnownFileType = sourcecode.swift; path = NavigationViewModel.swift; sourceTree = "<group>"; };
		A05914C529B78F3100ED09DD /* ErrorView.swift */ = {isa = PBXFileReference; fileEncoding = 4; lastKnownFileType = sourcecode.swift; path = ErrorView.swift; sourceTree = "<group>"; };
		A06BF9F329B747710035584A /* Bereal-Test.app */ = {isa = PBXFileReference; explicitFileType = wrapper.application; includeInIndex = 0; path = "Bereal-Test.app"; sourceTree = BUILT_PRODUCTS_DIR; };
		A06BF9F629B747710035584A /* Beton_TestApp.swift */ = {isa = PBXFileReference; lastKnownFileType = sourcecode.swift; path = Beton_TestApp.swift; sourceTree = "<group>"; };
		A06BF9F829B747710035584A /* ContentView.swift */ = {isa = PBXFileReference; lastKnownFileType = sourcecode.swift; path = ContentView.swift; sourceTree = "<group>"; };
		A06BF9FA29B747720035584A /* Assets.xcassets */ = {isa = PBXFileReference; lastKnownFileType = folder.assetcatalog; path = Assets.xcassets; sourceTree = "<group>"; };
		A06BF9FD29B747720035584A /* Preview Assets.xcassets */ = {isa = PBXFileReference; lastKnownFileType = folder.assetcatalog; path = "Preview Assets.xcassets"; sourceTree = "<group>"; };
		A06BFA0329B747720035584A /* Bereal-TestTests.xctest */ = {isa = PBXFileReference; explicitFileType = wrapper.cfbundle; includeInIndex = 0; path = "Bereal-TestTests.xctest"; sourceTree = BUILT_PRODUCTS_DIR; };
		A06BFA0729B747720035584A /* Bereal_TestTests.swift */ = {isa = PBXFileReference; lastKnownFileType = sourcecode.swift; path = Bereal_TestTests.swift; sourceTree = "<group>"; };
		A06BFA2329B748170035584A /* RequestMethod.swift */ = {isa = PBXFileReference; lastKnownFileType = sourcecode.swift; path = RequestMethod.swift; sourceTree = "<group>"; };
		A06BFA2529B748360035584A /* RequestError.swift */ = {isa = PBXFileReference; lastKnownFileType = sourcecode.swift; path = RequestError.swift; sourceTree = "<group>"; };
		A06BFA2729B748890035584A /* Endpoint.swift */ = {isa = PBXFileReference; lastKnownFileType = sourcecode.swift; path = Endpoint.swift; sourceTree = "<group>"; };
		A06BFA2929B748B20035584A /* HTTPClient.swift */ = {isa = PBXFileReference; lastKnownFileType = sourcecode.swift; path = HTTPClient.swift; sourceTree = "<group>"; };
		A06BFA2B29B749380035584A /* BerealEndpoint.swift */ = {isa = PBXFileReference; lastKnownFileType = sourcecode.swift; path = BerealEndpoint.swift; sourceTree = "<group>"; };
		A06BFA2E29B74C5D0035584A /* BerealService.swift */ = {isa = PBXFileReference; lastKnownFileType = sourcecode.swift; path = BerealService.swift; sourceTree = "<group>"; };
		A06BFA3129B74CD90035584A /* User.swift */ = {isa = PBXFileReference; lastKnownFileType = sourcecode.swift; path = User.swift; sourceTree = "<group>"; };
		A06BFA3329B74D3B0035584A /* Item.swift */ = {isa = PBXFileReference; lastKnownFileType = sourcecode.swift; path = Item.swift; sourceTree = "<group>"; };
		A06BFA3529B74F590035584A /* BerealManager.swift */ = {isa = PBXFileReference; lastKnownFileType = sourcecode.swift; path = BerealManager.swift; sourceTree = "<group>"; };
/* End PBXFileReference section */

/* Begin PBXFrameworksBuildPhase section */
		A06BF9F029B747710035584A /* Frameworks */ = {
			isa = PBXFrameworksBuildPhase;
			buildActionMask = 2147483647;
			files = (
			);
			runOnlyForDeploymentPostprocessing = 0;
		};
		A06BFA0029B747720035584A /* Frameworks */ = {
			isa = PBXFrameworksBuildPhase;
			buildActionMask = 2147483647;
			files = (
			);
			runOnlyForDeploymentPostprocessing = 0;
		};
/* End PBXFrameworksBuildPhase section */

/* Begin PBXGroup section */
		A0148CEA29B889B7001DB433 /* Buttons */ = {
			isa = PBXGroup;
			children = (
				A0148CEB29B889E0001DB433 /* UploadFileBtnView.swift */,
				A0148CED29B88A55001DB433 /* CreateFolderView.swift */,
			);
			path = Buttons;
			sourceTree = "<group>";
		};
		A05914B629B7655D00ED09DD /* Error */ = {
			isa = PBXGroup;
			children = (
				A05914C529B78F3100ED09DD /* ErrorView.swift */,
				A05914B729B7657300ED09DD /* ErrorState.swift */,
				A05914B929B7659800ED09DD /* ErrorWrapper.swift */,
			);
			path = Error;
			sourceTree = "<group>";
		};
		A05914C229B77FBA00ED09DD /* ViewModel */ = {
			isa = PBXGroup;
			children = (
				A05914C329B77FCD00ED09DD /* NavigationViewModel.swift */,
			);
			path = ViewModel;
			sourceTree = "<group>";
		};
		A06BF9EA29B747710035584A = {
			isa = PBXGroup;
			children = (
				A06BF9F529B747710035584A /* Bereal-Test */,
				A06BFA0629B747720035584A /* Bereal-TestTests */,
				A06BF9F429B747710035584A /* Products */,
			);
			sourceTree = "<group>";
		};
		A06BF9F429B747710035584A /* Products */ = {
			isa = PBXGroup;
			children = (
				A06BF9F329B747710035584A /* Bereal-Test.app */,
				A06BFA0329B747720035584A /* Bereal-TestTests.xctest */,
			);
			name = Products;
			sourceTree = "<group>";
		};
		A06BF9F529B747710035584A /* Bereal-Test */ = {
			isa = PBXGroup;
			children = (
				A06BFA3029B74CC60035584A /* Model */,
				A06BFA2D29B74C3F0035584A /* Manager */,
				A06BFA2129B747C30035584A /* Network */,
				A06BFA2029B7478B0035584A /* App */,
				A06BF9F629B747710035584A /* Beton_TestApp.swift */,
				A06BF9FA29B747720035584A /* Assets.xcassets */,
				A06BF9FC29B747720035584A /* Preview Content */,
			);
			path = "Bereal-Test";
			sourceTree = "<group>";
		};
		A06BF9FC29B747720035584A /* Preview Content */ = {
			isa = PBXGroup;
			children = (
				A06BF9FD29B747720035584A /* Preview Assets.xcassets */,
			);
			path = "Preview Content";
			sourceTree = "<group>";
		};
		A06BFA0629B747720035584A /* Bereal-TestTests */ = {
			isa = PBXGroup;
			children = (
				A06BFA0729B747720035584A /* Bereal_TestTests.swift */,
			);
			path = "Bereal-TestTests";
			sourceTree = "<group>";
		};
		A06BFA2029B7478B0035584A /* App */ = {
			isa = PBXGroup;
			children = (
				A0148CEA29B889B7001DB433 /* Buttons */,
				A05914C229B77FBA00ED09DD /* ViewModel */,
				A05914B629B7655D00ED09DD /* Error */,
				A06BF9F829B747710035584A /* ContentView.swift */,
				A05914BE29B76C5100ED09DD /* LoginView.swift */,
				A05914C029B76C6E00ED09DD /* FolderView.swift */,
				A057420D29B79A960067CAB6 /* FileView.swift */,
			);
			path = App;
			sourceTree = "<group>";
		};
		A06BFA2129B747C30035584A /* Network */ = {
			isa = PBXGroup;
			children = (
				A06BFA2229B747ED0035584A /* Base */,
				A06BFA2B29B749380035584A /* BerealEndpoint.swift */,
				A06BFA2E29B74C5D0035584A /* BerealService.swift */,
			);
			path = Network;
			sourceTree = "<group>";
		};
		A06BFA2229B747ED0035584A /* Base */ = {
			isa = PBXGroup;
			children = (
				A06BFA2329B748170035584A /* RequestMethod.swift */,
				A06BFA2529B748360035584A /* RequestError.swift */,
				A06BFA2729B748890035584A /* Endpoint.swift */,
				A06BFA2929B748B20035584A /* HTTPClient.swift */,
			);
			path = Base;
			sourceTree = "<group>";
		};
		A06BFA2D29B74C3F0035584A /* Manager */ = {
			isa = PBXGroup;
			children = (
				A06BFA3529B74F590035584A /* BerealManager.swift */,
			);
			path = Manager;
			sourceTree = "<group>";
		};
		A06BFA3029B74CC60035584A /* Model */ = {
			isa = PBXGroup;
			children = (
				A06BFA3129B74CD90035584A /* User.swift */,
				A06BFA3329B74D3B0035584A /* Item.swift */,
			);
			path = Model;
			sourceTree = "<group>";
		};
/* End PBXGroup section */

/* Begin PBXNativeTarget section */
		A06BF9F229B747710035584A /* Bereal-Test */ = {
			isa = PBXNativeTarget;
			buildConfigurationList = A06BFA1729B747720035584A /* Build configuration list for PBXNativeTarget "Bereal-Test" */;
			buildPhases = (
				A06BF9EF29B747710035584A /* Sources */,
				A06BF9F029B747710035584A /* Frameworks */,
				A06BF9F129B747710035584A /* Resources */,
			);
			buildRules = (
			);
			dependencies = (
			);
			name = "Bereal-Test";
			productName = "Beton-Test";
			productReference = A06BF9F329B747710035584A /* Bereal-Test.app */;
			productType = "com.apple.product-type.application";
		};
		A06BFA0229B747720035584A /* Bereal-TestTests */ = {
			isa = PBXNativeTarget;
			buildConfigurationList = A06BFA1A29B747720035584A /* Build configuration list for PBXNativeTarget "Bereal-TestTests" */;
			buildPhases = (
				A06BF9FF29B747720035584A /* Sources */,
				A06BFA0029B747720035584A /* Frameworks */,
				A06BFA0129B747720035584A /* Resources */,
			);
			buildRules = (
			);
			dependencies = (
				A06BFA0529B747720035584A /* PBXTargetDependency */,
			);
			name = "Bereal-TestTests";
			productName = "Beton-TestTests";
			productReference = A06BFA0329B747720035584A /* Bereal-TestTests.xctest */;
			productType = "com.apple.product-type.bundle.unit-test";
		};
/* End PBXNativeTarget section */

/* Begin PBXProject section */
		A06BF9EB29B747710035584A /* Project object */ = {
			isa = PBXProject;
			attributes = {
				BuildIndependentTargetsInParallel = 1;
				LastSwiftUpdateCheck = 1420;
				LastUpgradeCheck = 1420;
				TargetAttributes = {
					A06BF9F229B747710035584A = {
						CreatedOnToolsVersion = 14.2;
					};
					A06BFA0229B747720035584A = {
						CreatedOnToolsVersion = 14.2;
						TestTargetID = A06BF9F229B747710035584A;
					};
				};
			};
			buildConfigurationList = A06BF9EE29B747710035584A /* Build configuration list for PBXProject "Bereal-Test" */;
			compatibilityVersion = "Xcode 14.0";
			developmentRegion = en;
			hasScannedForEncodings = 0;
			knownRegions = (
				en,
				Base,
			);
			mainGroup = A06BF9EA29B747710035584A;
			productRefGroup = A06BF9F429B747710035584A /* Products */;
			projectDirPath = "";
			projectRoot = "";
			targets = (
				A06BF9F229B747710035584A /* Bereal-Test */,
				A06BFA0229B747720035584A /* Bereal-TestTests */,
			);
		};
/* End PBXProject section */

/* Begin PBXResourcesBuildPhase section */
		A06BF9F129B747710035584A /* Resources */ = {
			isa = PBXResourcesBuildPhase;
			buildActionMask = 2147483647;
			files = (
				A06BF9FE29B747720035584A /* Preview Assets.xcassets in Resources */,
				A06BF9FB29B747720035584A /* Assets.xcassets in Resources */,
			);
			runOnlyForDeploymentPostprocessing = 0;
		};
		A06BFA0129B747720035584A /* Resources */ = {
			isa = PBXResourcesBuildPhase;
			buildActionMask = 2147483647;
			files = (
			);
			runOnlyForDeploymentPostprocessing = 0;
		};
/* End PBXResourcesBuildPhase section */

/* Begin PBXSourcesBuildPhase section */
		A06BF9EF29B747710035584A /* Sources */ = {
			isa = PBXSourcesBuildPhase;
			buildActionMask = 2147483647;
			files = (
				A05914C729B78FD000ED09DD /* ErrorView.swift in Sources */,
				A05914C429B77FCD00ED09DD /* NavigationViewModel.swift in Sources */,
				A0148CEC29B889E0001DB433 /* UploadFileBtnView.swift in Sources */,
				A05914BA29B7659800ED09DD /* ErrorWrapper.swift in Sources */,
				A06BFA3429B74D3B0035584A /* Item.swift in Sources */,
				A05914C129B76C6E00ED09DD /* FolderView.swift in Sources */,
				A06BFA2629B748360035584A /* RequestError.swift in Sources */,
				A05914BF29B76C5100ED09DD /* LoginView.swift in Sources */,
				A0148CEE29B88A55001DB433 /* CreateFolderView.swift in Sources */,
				A06BFA3629B74F590035584A /* BerealManager.swift in Sources */,
				A06BF9F929B747710035584A /* ContentView.swift in Sources */,
				A06BFA2F29B74C5D0035584A /* BerealService.swift in Sources */,
				A06BFA2C29B749380035584A /* BerealEndpoint.swift in Sources */,
				A05914B829B7657300ED09DD /* ErrorState.swift in Sources */,
				A06BFA2A29B748B20035584A /* HTTPClient.swift in Sources */,
				A057420E29B79A960067CAB6 /* FileView.swift in Sources */,
				A06BFA3229B74CD90035584A /* User.swift in Sources */,
				A06BFA2429B748170035584A /* RequestMethod.swift in Sources */,
				A06BF9F729B747710035584A /* Beton_TestApp.swift in Sources */,
				A06BFA2829B748890035584A /* Endpoint.swift in Sources */,
			);
			runOnlyForDeploymentPostprocessing = 0;
		};
		A06BF9FF29B747720035584A /* Sources */ = {
			isa = PBXSourcesBuildPhase;
			buildActionMask = 2147483647;
			files = (
				A06BFA0829B747720035584A /* Bereal_TestTests.swift in Sources */,
			);
			runOnlyForDeploymentPostprocessing = 0;
		};
/* End PBXSourcesBuildPhase section */

/* Begin PBXTargetDependency section */
		A06BFA0529B747720035584A /* PBXTargetDependency */ = {
			isa = PBXTargetDependency;
			target = A06BF9F229B747710035584A /* Bereal-Test */;
			targetProxy = A06BFA0429B747720035584A /* PBXContainerItemProxy */;
		};
/* End PBXTargetDependency section */

/* Begin XCBuildConfiguration section */
		A06BFA1529B747720035584A /* Debug */ = {
			isa = XCBuildConfiguration;
			buildSettings = {
				ALWAYS_SEARCH_USER_PATHS = NO;
				CLANG_ANALYZER_NONNULL = YES;
				CLANG_ANALYZER_NUMBER_OBJECT_CONVERSION = YES_AGGRESSIVE;
				CLANG_CXX_LANGUAGE_STANDARD = "gnu++20";
				CLANG_ENABLE_MODULES = YES;
				CLANG_ENABLE_OBJC_ARC = YES;
				CLANG_ENABLE_OBJC_WEAK = YES;
				CLANG_WARN_BLOCK_CAPTURE_AUTORELEASING = YES;
				CLANG_WARN_BOOL_CONVERSION = YES;
				CLANG_WARN_COMMA = YES;
				CLANG_WARN_CONSTANT_CONVERSION = YES;
				CLANG_WARN_DEPRECATED_OBJC_IMPLEMENTATIONS = YES;
				CLANG_WARN_DIRECT_OBJC_ISA_USAGE = YES_ERROR;
				CLANG_WARN_DOCUMENTATION_COMMENTS = YES;
				CLANG_WARN_EMPTY_BODY = YES;
				CLANG_WARN_ENUM_CONVERSION = YES;
				CLANG_WARN_INFINITE_RECURSION = YES;
				CLANG_WARN_INT_CONVERSION = YES;
				CLANG_WARN_NON_LITERAL_NULL_CONVERSION = YES;
				CLANG_WARN_OBJC_IMPLICIT_RETAIN_SELF = YES;
				CLANG_WARN_OBJC_LITERAL_CONVERSION = YES;
				CLANG_WARN_OBJC_ROOT_CLASS = YES_ERROR;
				CLANG_WARN_QUOTED_INCLUDE_IN_FRAMEWORK_HEADER = YES;
				CLANG_WARN_RANGE_LOOP_ANALYSIS = YES;
				CLANG_WARN_STRICT_PROTOTYPES = YES;
				CLANG_WARN_SUSPICIOUS_MOVE = YES;
				CLANG_WARN_UNGUARDED_AVAILABILITY = YES_AGGRESSIVE;
				CLANG_WARN_UNREACHABLE_CODE = YES;
				CLANG_WARN__DUPLICATE_METHOD_MATCH = YES;
				COPY_PHASE_STRIP = NO;
				DEBUG_INFORMATION_FORMAT = dwarf;
				ENABLE_STRICT_OBJC_MSGSEND = YES;
				ENABLE_TESTABILITY = YES;
				GCC_C_LANGUAGE_STANDARD = gnu11;
				GCC_DYNAMIC_NO_PIC = NO;
				GCC_NO_COMMON_BLOCKS = YES;
				GCC_OPTIMIZATION_LEVEL = 0;
				GCC_PREPROCESSOR_DEFINITIONS = (
					"DEBUG=1",
					"$(inherited)",
				);
				GCC_WARN_64_TO_32_BIT_CONVERSION = YES;
				GCC_WARN_ABOUT_RETURN_TYPE = YES_ERROR;
				GCC_WARN_UNDECLARED_SELECTOR = YES;
				GCC_WARN_UNINITIALIZED_AUTOS = YES_AGGRESSIVE;
				GCC_WARN_UNUSED_FUNCTION = YES;
				GCC_WARN_UNUSED_VARIABLE = YES;
				IPHONEOS_DEPLOYMENT_TARGET = 16.2;
				MTL_ENABLE_DEBUG_INFO = INCLUDE_SOURCE;
				MTL_FAST_MATH = YES;
				ONLY_ACTIVE_ARCH = YES;
				SDKROOT = iphoneos;
				SWIFT_ACTIVE_COMPILATION_CONDITIONS = DEBUG;
				SWIFT_OPTIMIZATION_LEVEL = "-Onone";
			};
			name = Debug;
		};
		A06BFA1629B747720035584A /* Release */ = {
			isa = XCBuildConfiguration;
			buildSettings = {
				ALWAYS_SEARCH_USER_PATHS = NO;
				CLANG_ANALYZER_NONNULL = YES;
				CLANG_ANALYZER_NUMBER_OBJECT_CONVERSION = YES_AGGRESSIVE;
				CLANG_CXX_LANGUAGE_STANDARD = "gnu++20";
				CLANG_ENABLE_MODULES = YES;
				CLANG_ENABLE_OBJC_ARC = YES;
				CLANG_ENABLE_OBJC_WEAK = YES;
				CLANG_WARN_BLOCK_CAPTURE_AUTORELEASING = YES;
				CLANG_WARN_BOOL_CONVERSION = YES;
				CLANG_WARN_COMMA = YES;
				CLANG_WARN_CONSTANT_CONVERSION = YES;
				CLANG_WARN_DEPRECATED_OBJC_IMPLEMENTATIONS = YES;
				CLANG_WARN_DIRECT_OBJC_ISA_USAGE = YES_ERROR;
				CLANG_WARN_DOCUMENTATION_COMMENTS = YES;
				CLANG_WARN_EMPTY_BODY = YES;
				CLANG_WARN_ENUM_CONVERSION = YES;
				CLANG_WARN_INFINITE_RECURSION = YES;
				CLANG_WARN_INT_CONVERSION = YES;
				CLANG_WARN_NON_LITERAL_NULL_CONVERSION = YES;
				CLANG_WARN_OBJC_IMPLICIT_RETAIN_SELF = YES;
				CLANG_WARN_OBJC_LITERAL_CONVERSION = YES;
				CLANG_WARN_OBJC_ROOT_CLASS = YES_ERROR;
				CLANG_WARN_QUOTED_INCLUDE_IN_FRAMEWORK_HEADER = YES;
				CLANG_WARN_RANGE_LOOP_ANALYSIS = YES;
				CLANG_WARN_STRICT_PROTOTYPES = YES;
				CLANG_WARN_SUSPICIOUS_MOVE = YES;
				CLANG_WARN_UNGUARDED_AVAILABILITY = YES_AGGRESSIVE;
				CLANG_WARN_UNREACHABLE_CODE = YES;
				CLANG_WARN__DUPLICATE_METHOD_MATCH = YES;
				COPY_PHASE_STRIP = NO;
				DEBUG_INFORMATION_FORMAT = "dwarf-with-dsym";
				ENABLE_NS_ASSERTIONS = NO;
				ENABLE_STRICT_OBJC_MSGSEND = YES;
				GCC_C_LANGUAGE_STANDARD = gnu11;
				GCC_NO_COMMON_BLOCKS = YES;
				GCC_WARN_64_TO_32_BIT_CONVERSION = YES;
				GCC_WARN_ABOUT_RETURN_TYPE = YES_ERROR;
				GCC_WARN_UNDECLARED_SELECTOR = YES;
				GCC_WARN_UNINITIALIZED_AUTOS = YES_AGGRESSIVE;
				GCC_WARN_UNUSED_FUNCTION = YES;
				GCC_WARN_UNUSED_VARIABLE = YES;
				IPHONEOS_DEPLOYMENT_TARGET = 16.2;
				MTL_ENABLE_DEBUG_INFO = NO;
				MTL_FAST_MATH = YES;
				SDKROOT = iphoneos;
				SWIFT_COMPILATION_MODE = wholemodule;
				SWIFT_OPTIMIZATION_LEVEL = "-O";
				VALIDATE_PRODUCT = YES;
			};
			name = Release;
		};
		A06BFA1829B747720035584A /* Debug */ = {
			isa = XCBuildConfiguration;
			buildSettings = {
				ASSETCATALOG_COMPILER_APPICON_NAME = AppIcon;
				ASSETCATALOG_COMPILER_GLOBAL_ACCENT_COLOR_NAME = AccentColor;
				CODE_SIGN_STYLE = Automatic;
				CURRENT_PROJECT_VERSION = 1;
				DEVELOPMENT_ASSET_PATHS = "";
				DEVELOPMENT_TEAM = Y4872UA8FS;
				ENABLE_PREVIEWS = YES;
				GENERATE_INFOPLIST_FILE = YES;
				INFOPLIST_FILE = "Bereal-Test/Info.plist";
				INFOPLIST_KEY_UIApplicationSceneManifest_Generation = YES;
				INFOPLIST_KEY_UIApplicationSupportsIndirectInputEvents = YES;
				INFOPLIST_KEY_UILaunchScreen_Generation = YES;
				INFOPLIST_KEY_UISupportedInterfaceOrientations_iPad = "UIInterfaceOrientationPortrait UIInterfaceOrientationPortraitUpsideDown UIInterfaceOrientationLandscapeLeft UIInterfaceOrientationLandscapeRight";
				INFOPLIST_KEY_UISupportedInterfaceOrientations_iPhone = "UIInterfaceOrientationPortrait UIInterfaceOrientationLandscapeLeft UIInterfaceOrientationLandscapeRight";
				LD_RUNPATH_SEARCH_PATHS = (
					"$(inherited)",
					"@executable_path/Frameworks",
				);
				MARKETING_VERSION = 1.0;
				PRODUCT_BUNDLE_IDENTIFIER = "luis.drmn.co.Bereal-Test";
				PRODUCT_NAME = "$(TARGET_NAME)";
				SWIFT_EMIT_LOC_STRINGS = YES;
				SWIFT_VERSION = 5.0;
				TARGETED_DEVICE_FAMILY = "1,2";
			};
			name = Debug;
		};
		A06BFA1929B747720035584A /* Release */ = {
			isa = XCBuildConfiguration;
			buildSettings = {
				ASSETCATALOG_COMPILER_APPICON_NAME = AppIcon;
				ASSETCATALOG_COMPILER_GLOBAL_ACCENT_COLOR_NAME = AccentColor;
				CODE_SIGN_STYLE = Automatic;
				CURRENT_PROJECT_VERSION = 1;
				DEVELOPMENT_ASSET_PATHS = "";
				DEVELOPMENT_TEAM = Y4872UA8FS;
				ENABLE_PREVIEWS = YES;
				GENERATE_INFOPLIST_FILE = YES;
				INFOPLIST_FILE = "Bereal-Test/Info.plist";
				INFOPLIST_KEY_UIApplicationSceneManifest_Generation = YES;
				INFOPLIST_KEY_UIApplicationSupportsIndirectInputEvents = YES;
				INFOPLIST_KEY_UILaunchScreen_Generation = YES;
				INFOPLIST_KEY_UISupportedInterfaceOrientations_iPad = "UIInterfaceOrientationPortrait UIInterfaceOrientationPortraitUpsideDown UIInterfaceOrientationLandscapeLeft UIInterfaceOrientationLandscapeRight";
				INFOPLIST_KEY_UISupportedInterfaceOrientations_iPhone = "UIInterfaceOrientationPortrait UIInterfaceOrientationLandscapeLeft UIInterfaceOrientationLandscapeRight";
				LD_RUNPATH_SEARCH_PATHS = (
					"$(inherited)",
					"@executable_path/Frameworks",
				);
				MARKETING_VERSION = 1.0;
				PRODUCT_BUNDLE_IDENTIFIER = "luis.drmn.co.Bereal-Test";
				PRODUCT_NAME = "$(TARGET_NAME)";
				SWIFT_EMIT_LOC_STRINGS = YES;
				SWIFT_VERSION = 5.0;
				TARGETED_DEVICE_FAMILY = "1,2";
			};
			name = Release;
		};
		A06BFA1B29B747720035584A /* Debug */ = {
			isa = XCBuildConfiguration;
			buildSettings = {
				ALWAYS_EMBED_SWIFT_STANDARD_LIBRARIES = YES;
				BUNDLE_LOADER = "$(TEST_HOST)";
				CODE_SIGN_STYLE = Automatic;
				CURRENT_PROJECT_VERSION = 1;
				DEVELOPMENT_TEAM = Y4872UA8FS;
				GENERATE_INFOPLIST_FILE = YES;
				IPHONEOS_DEPLOYMENT_TARGET = 16.2;
				MARKETING_VERSION = 1.0;
				PRODUCT_BUNDLE_IDENTIFIER = "luis.drmn.co.Bereal-TestTests";
				PRODUCT_NAME = "$(TARGET_NAME)";
				SWIFT_EMIT_LOC_STRINGS = NO;
				SWIFT_VERSION = 5.0;
				TARGETED_DEVICE_FAMILY = "1,2";
				TEST_HOST = "$(BUILT_PRODUCTS_DIR)/Bereal-Test.app/$(BUNDLE_EXECUTABLE_FOLDER_PATH)/Bereal-Test";
			};
			name = Debug;
		};
		A06BFA1C29B747720035584A /* Release */ = {
			isa = XCBuildConfiguration;
			buildSettings = {
				ALWAYS_EMBED_SWIFT_STANDARD_LIBRARIES = YES;
				BUNDLE_LOADER = "$(TEST_HOST)";
				CODE_SIGN_STYLE = Automatic;
				CURRENT_PROJECT_VERSION = 1;
				DEVELOPMENT_TEAM = Y4872UA8FS;
				GENERATE_INFOPLIST_FILE = YES;
				IPHONEOS_DEPLOYMENT_TARGET = 16.2;
				MARKETING_VERSION = 1.0;
				PRODUCT_BUNDLE_IDENTIFIER = "luis.drmn.co.Bereal-TestTests";
				PRODUCT_NAME = "$(TARGET_NAME)";
				SWIFT_EMIT_LOC_STRINGS = NO;
				SWIFT_VERSION = 5.0;
				TARGETED_DEVICE_FAMILY = "1,2";
				TEST_HOST = "$(BUILT_PRODUCTS_DIR)/Bereal-Test.app/$(BUNDLE_EXECUTABLE_FOLDER_PATH)/Bereal-Test";
			};
			name = Release;
		};
/* End XCBuildConfiguration section */

/* Begin XCConfigurationList section */
		A06BF9EE29B747710035584A /* Build configuration list for PBXProject "Bereal-Test" */ = {
			isa = XCConfigurationList;
			buildConfigurations = (
				A06BFA1529B747720035584A /* Debug */,
				A06BFA1629B747720035584A /* Release */,
			);
			defaultConfigurationIsVisible = 0;
			defaultConfigurationName = Release;
		};
		A06BFA1729B747720035584A /* Build configuration list for PBXNativeTarget "Bereal-Test" */ = {
			isa = XCConfigurationList;
			buildConfigurations = (
				A06BFA1829B747720035584A /* Debug */,
				A06BFA1929B747720035584A /* Release */,
			);
			defaultConfigurationIsVisible = 0;
			defaultConfigurationName = Release;
		};
		A06BFA1A29B747720035584A /* Build configuration list for PBXNativeTarget "Bereal-TestTests" */ = {
			isa = XCConfigurationList;
			buildConfigurations = (
				A06BFA1B29B747720035584A /* Debug */,
				A06BFA1C29B747720035584A /* Release */,
			);
			defaultConfigurationIsVisible = 0;
			defaultConfigurationName = Release;
		};
/* End XCConfigurationList section */
	};
	rootObject = A06BF9EB29B747710035584A /* Project object */;
}
